
Microsoft Visual Studio Solution File, Format Version 12.00
# Visual Studio Version 16
VisualStudioVersion = 16.0.31205.134
MinimumVisualStudioVersion = 10.0.40219.1
Project("{FAE04EC0-301F-11D3-BF4B-00C04F79EFBC}") = "EnigmaSvgCore", "EnigmaSvgCore\EnigmaSvgCore.csproj", "{D15C356D-2A78-4356-8B9A-C61E6EFA9094}"
EndProject
Global
	GlobalSection(SolutionConfigurationPlatforms) = preSolution
		Debug|Any CPU = Debug|Any CPU
		Release|Any CPU = Release|Any CPU
	EndGlobalSection
	GlobalSection(ProjectConfigurationPlatforms) = postSolution
		{D15C356D-2A78-4356-8B9A-C61E6EFA9094}.Debug|Any CPU.ActiveCfg = Debug|Any CPU
		{D15C356D-2A78-4356-8B9A-C61E6EFA9094}.Debug|Any CPU.Build.0 = Debug|Any CPU
		{D15C356D-2A78-4356-8B9A-C61E6EFA9094}.Release|Any CPU.ActiveCfg = Release|Any CPU
		{D15C356D-2A78-4356-8B9A-C61E6EFA9094}.Release|Any CPU.Build.0 = Release|Any CPU
	EndGlobalSection
	GlobalSection(SolutionProperties) = preSolution
		HideSolutionNode = FALSE
	EndGlobalSection
	GlobalSection(ExtensibilityGlobals) = postSolution
		SolutionGuid = {8318500D-FC51-424C-8FDA-194B18BF4700}
	EndGlobalSection
EndGlobal
